
Microsoft Visual Studio Solution File, Format Version 12.00
# Visual Studio Version 16
VisualStudioVersion = 16.0.30621.155
MinimumVisualStudioVersion = 10.0.40219.1
Project("{FAE04EC0-301F-11D3-BF4B-00C04F79EFBC}") = "ArrayExam", "Array\ArrayExam.csproj", "{AEECA4EF-C02A-4042-9E3A-BDFFFAD66F1B}"
EndProject
Global
	GlobalSection(SolutionConfigurationPlatforms) = preSolution
		Debug|Any CPU = Debug|Any CPU
		Release|Any CPU = Release|Any CPU
	EndGlobalSection
	GlobalSection(ProjectConfigurationPlatforms) = postSolution
		{AEECA4EF-C02A-4042-9E3A-BDFFFAD66F1B}.Debug|Any CPU.ActiveCfg = Debug|Any CPU
		{AEECA4EF-C02A-4042-9E3A-BDFFFAD66F1B}.Debug|Any CPU.Build.0 = Debug|Any CPU
		{AEECA4EF-C02A-4042-9E3A-BDFFFAD66F1B}.Release|Any CPU.ActiveCfg = Release|Any CPU
		{AEECA4EF-C02A-4042-9E3A-BDFFFAD66F1B}.Release|Any CPU.Build.0 = Release|Any CPU
	EndGlobalSection
	GlobalSection(SolutionProperties) = preSolution
		HideSolutionNode = FALSE
	EndGlobalSection
	GlobalSection(ExtensibilityGlobals) = postSolution
		SolutionGuid = {2BAC13B4-3425-4C5A-9E9E-130E942829ED}
	EndGlobalSection
EndGlobal
