
Microsoft Visual Studio Solution File, Format Version 12.00
# Visual Studio Version 16
VisualStudioVersion = 16.0.30621.155
MinimumVisualStudioVersion = 10.0.40219.1
Project("{FAE04EC0-301F-11D3-BF4B-00C04F79EFBC}") = "Herencia", "ConsoleApp2\Herencia.csproj", "{CCE55104-BD6D-428C-B218-96283FF9C05C}"
EndProject
Global
	GlobalSection(SolutionConfigurationPlatforms) = preSolution
		Debug|Any CPU = Debug|Any CPU
		Release|Any CPU = Release|Any CPU
	EndGlobalSection
	GlobalSection(ProjectConfigurationPlatforms) = postSolution
		{CCE55104-BD6D-428C-B218-96283FF9C05C}.Debug|Any CPU.ActiveCfg = Debug|Any CPU
		{CCE55104-BD6D-428C-B218-96283FF9C05C}.Debug|Any CPU.Build.0 = Debug|Any CPU
		{CCE55104-BD6D-428C-B218-96283FF9C05C}.Release|Any CPU.ActiveCfg = Release|Any CPU
		{CCE55104-BD6D-428C-B218-96283FF9C05C}.Release|Any CPU.Build.0 = Release|Any CPU
	EndGlobalSection
	GlobalSection(SolutionProperties) = preSolution
		HideSolutionNode = FALSE
	EndGlobalSection
	GlobalSection(ExtensibilityGlobals) = postSolution
		SolutionGuid = {EBC6AEA2-A8A8-4BF0-A796-99DFD24FE9A7}
	EndGlobalSection
EndGlobal
